
Microsoft Visual Studio Solution File, Format Version 12.00
# Visual Studio 15
VisualStudioVersion = 15.0.26430.13
MinimumVisualStudioVersion = 10.0.40219.1
Project("{FAE04EC0-301F-11D3-BF4B-00C04F79EFBC}") = "Library of books", "Library of books\Library of books.csproj", "{2B7A40A6-332F-4841-A049-4E3C005BD15F}"
EndProject
Global
	GlobalSection(SolutionConfigurationPlatforms) = preSolution
		Debug|Any CPU = Debug|Any CPU
		Release|Any CPU = Release|Any CPU
	EndGlobalSection
	GlobalSection(ProjectConfigurationPlatforms) = postSolution
		{2B7A40A6-332F-4841-A049-4E3C005BD15F}.Debug|Any CPU.ActiveCfg = Debug|Any CPU
		{2B7A40A6-332F-4841-A049-4E3C005BD15F}.Debug|Any CPU.Build.0 = Debug|Any CPU
		{2B7A40A6-332F-4841-A049-4E3C005BD15F}.Release|Any CPU.ActiveCfg = Release|Any CPU
		{2B7A40A6-332F-4841-A049-4E3C005BD15F}.Release|Any CPU.Build.0 = Release|Any CPU
	EndGlobalSection
	GlobalSection(SolutionProperties) = preSolution
		HideSolutionNode = FALSE
	EndGlobalSection
EndGlobal
